// !$*UTF8*$!
{
	archiveVersion = 1;
	classes = {
	};
	objectVersion = 50;
	objects = {

/* Begin PBXBuildFile section */
		433B305321C382DE00721115 /* main.mm in Sources */ = {isa = PBXBuildFile; fileRef = 433B305221C382DE00721115 /* main.mm */; };
		43D674F221CBA61A0076EF91 /* libboost_system.a in Frameworks */ = {isa = PBXBuildFile; fileRef = 43D674F021CBA61A0076EF91 /* libboost_system.a */; };
		43D674F321CBA61A0076EF91 /* libboost_filesystem.a in Frameworks */ = {isa = PBXBuildFile; fileRef = 43D674F121CBA61A0076EF91 /* libboost_filesystem.a */; };
		43D674FC21CD08000076EF91 /* libboost_date_time.a in Frameworks */ = {isa = PBXBuildFile; fileRef = 43D674FB21CD07FF0076EF91 /* libboost_date_time.a */; };
/* End PBXBuildFile section */

/* Begin PBXCopyFilesBuildPhase section */
		433B304D21C382DE00721115 /* CopyFiles */ = {
			isa = PBXCopyFilesBuildPhase;
			buildActionMask = 2147483647;
			dstPath = /usr/share/man/man1/;
			dstSubfolderSpec = 0;
			files = (
			);
			runOnlyForDeploymentPostprocessing = 1;
		};
/* End PBXCopyFilesBuildPhase section */

/* Begin PBXFileReference section */
		433B304F21C382DE00721115 /* pp_BoostTest */ = {isa = PBXFileReference; explicitFileType = "compiled.mach-o.executable"; includeInIndex = 0; path = pp_BoostTest; sourceTree = BUILT_PRODUCTS_DIR; };
		433B305221C382DE00721115 /* main.mm */ = {isa = PBXFileReference; lastKnownFileType = sourcecode.cpp.objcpp; path = main.mm; sourceTree = "<group>"; };
		43D674F021CBA61A0076EF91 /* libboost_system.a */ = {isa = PBXFileReference; lastKnownFileType = archive.ar; name = libboost_system.a; path = ../../../../../../usr/local/lib/libboost_system.a; sourceTree = "<group>"; };
		43D674F121CBA61A0076EF91 /* libboost_filesystem.a */ = {isa = PBXFileReference; lastKnownFileType = archive.ar; name = libboost_filesystem.a; path = ../../../../../../usr/local/lib/libboost_filesystem.a; sourceTree = "<group>"; };
		43D674FB21CD07FF0076EF91 /* libboost_date_time.a */ = {isa = PBXFileReference; lastKnownFileType = archive.ar; name = libboost_date_time.a; path = ../../../../../../usr/local/lib/libboost_date_time.a; sourceTree = "<group>"; };
/* End PBXFileReference section */

/* Begin PBXFrameworksBuildPhase section */
		433B304C21C382DE00721115 /* Frameworks */ = {
			isa = PBXFrameworksBuildPhase;
			buildActionMask = 2147483647;
			files = (
				43D674FC21CD08000076EF91 /* libboost_date_time.a in Frameworks */,
				43D674F221CBA61A0076EF91 /* libboost_system.a in Frameworks */,
				43D674F321CBA61A0076EF91 /* libboost_filesystem.a in Frameworks */,
			);
			runOnlyForDeploymentPostprocessing = 0;
		};
/* End PBXFrameworksBuildPhase section */

/* Begin PBXGroup section */
		433B304621C382DE00721115 = {
			isa = PBXGroup;
			children = (
				433B305121C382DE00721115 /* pp_BoostTest */,
				433B305021C382DE00721115 /* Products */,
				433B305921C383C800721115 /* Frameworks */,
			);
			sourceTree = "<group>";
		};
		433B305021C382DE00721115 /* Products */ = {
			isa = PBXGroup;
			children = (
				433B304F21C382DE00721115 /* pp_BoostTest */,
			);
			name = Products;
			sourceTree = "<group>";
		};
		433B305121C382DE00721115 /* pp_BoostTest */ = {
			isa = PBXGroup;
			children = (
				433B305221C382DE00721115 /* main.mm */,
			);
			path = pp_BoostTest;
			sourceTree = "<group>";
		};
		433B305921C383C800721115 /* Frameworks */ = {
			isa = PBXGroup;
			children = (
				43D674FB21CD07FF0076EF91 /* libboost_date_time.a */,
				43D674F121CBA61A0076EF91 /* libboost_filesystem.a */,
				43D674F021CBA61A0076EF91 /* libboost_system.a */,
			);
			name = Frameworks;
			sourceTree = "<group>";
		};
/* End PBXGroup section */

/* Begin PBXNativeTarget section */
		433B304E21C382DE00721115 /* pp_BoostTest */ = {
			isa = PBXNativeTarget;
			buildConfigurationList = 433B305621C382DE00721115 /* Build configuration list for PBXNativeTarget "pp_BoostTest" */;
			buildPhases = (
				433B304B21C382DE00721115 /* Sources */,
				433B304C21C382DE00721115 /* Frameworks */,
				433B304D21C382DE00721115 /* CopyFiles */,
			);
			buildRules = (
			);
			dependencies = (
			);
			name = pp_BoostTest;
			productName = pp_BoostTest;
			productReference = 433B304F21C382DE00721115 /* pp_BoostTest */;
			productType = "com.apple.product-type.tool";
		};
/* End PBXNativeTarget section */

/* Begin PBXProject section */
		433B304721C382DE00721115 /* Project object */ = {
			isa = PBXProject;
			attributes = {
				LastUpgradeCheck = 1000;
				ORGANIZATIONNAME = wudong;
				TargetAttributes = {
					433B304E21C382DE00721115 = {
						CreatedOnToolsVersion = 10.0;
					};
				};
			};
			buildConfigurationList = 433B304A21C382DE00721115 /* Build configuration list for PBXProject "pp_BoostTest" */;
			compatibilityVersion = "Xcode 9.3";
			developmentRegion = en;
			hasScannedForEncodings = 0;
			knownRegions = (
				en,
			);
			mainGroup = 433B304621C382DE00721115;
			productRefGroup = 433B305021C382DE00721115 /* Products */;
			projectDirPath = "";
			projectRoot = "";
			targets = (
				433B304E21C382DE00721115 /* pp_BoostTest */,
			);
		};
/* End PBXProject section */

/* Begin PBXSourcesBuildPhase section */
		433B304B21C382DE00721115 /* Sources */ = {
			isa = PBXSourcesBuildPhase;
			buildActionMask = 2147483647;
			files = (
				433B305321C382DE00721115 /* main.mm in Sources */,
			);
			runOnlyForDeploymentPostprocessing = 0;
		};
/* End PBXSourcesBuildPhase section */

/* Begin XCBuildConfiguration section */
		433B305421C382DE00721115 /* Debug */ = {
			isa = XCBuildConfiguration;
			buildSettings = {
				ALWAYS_SEARCH_USER_PATHS = NO;
				CLANG_ANALYZER_NONNULL = YES;
				CLANG_ANALYZER_NUMBER_OBJECT_CONVERSION = YES_AGGRESSIVE;
				CLANG_CXX_LANGUAGE_STANDARD = "gnu++14";
				CLANG_CXX_LIBRARY = "libc++";
				CLANG_ENABLE_MODULES = YES;
				CLANG_ENABLE_OBJC_ARC = YES;
				CLANG_ENABLE_OBJC_WEAK = YES;
				CLANG_WARN_BLOCK_CAPTURE_AUTORELEASING = YES;
				CLANG_WARN_BOOL_CONVERSION = YES;
				CLANG_WARN_COMMA = YES;
				CLANG_WARN_CONSTANT_CONVERSION = YES;
				CLANG_WARN_DEPRECATED_OBJC_IMPLEMENTATIONS = YES;
				CLANG_WARN_DIRECT_OBJC_ISA_USAGE = YES_ERROR;
				CLANG_WARN_DOCUMENTATION_COMMENTS = YES;
				CLANG_WARN_EMPTY_BODY = YES;
				CLANG_WARN_ENUM_CONVERSION = YES;
				CLANG_WARN_INFINITE_RECURSION = YES;
				CLANG_WARN_INT_CONVERSION = YES;
				CLANG_WARN_NON_LITERAL_NULL_CONVERSION = YES;
				CLANG_WARN_OBJC_IMPLICIT_RETAIN_SELF = YES;
				CLANG_WARN_OBJC_LITERAL_CONVERSION = YES;
				CLANG_WARN_OBJC_ROOT_CLASS = YES_ERROR;
				CLANG_WARN_RANGE_LOOP_ANALYSIS = YES;
				CLANG_WARN_STRICT_PROTOTYPES = YES;
				CLANG_WARN_SUSPICIOUS_MOVE = YES;
				CLANG_WARN_UNGUARDED_AVAILABILITY = YES_AGGRESSIVE;
				CLANG_WARN_UNREACHABLE_CODE = YES;
				CLANG_WARN__DUPLICATE_METHOD_MATCH = YES;
				CODE_SIGN_IDENTITY = "-";
				COPY_PHASE_STRIP = NO;
				DEBUG_INFORMATION_FORMAT = dwarf;
				ENABLE_STRICT_OBJC_MSGSEND = YES;
				ENABLE_TESTABILITY = YES;
				GCC_C_LANGUAGE_STANDARD = gnu11;
				GCC_DYNAMIC_NO_PIC = NO;
				GCC_NO_COMMON_BLOCKS = YES;
				GCC_OPTIMIZATION_LEVEL = 0;
				GCC_PREPROCESSOR_DEFINITIONS = (
					"DEBUG=1",
					"$(inherited)",
				);
				GCC_WARN_64_TO_32_BIT_CONVERSION = YES;
				GCC_WARN_ABOUT_RETURN_TYPE = YES_ERROR;
				GCC_WARN_UNDECLARED_SELECTOR = YES;
				GCC_WARN_UNINITIALIZED_AUTOS = YES_AGGRESSIVE;
				GCC_WARN_UNUSED_FUNCTION = YES;
				GCC_WARN_UNUSED_VARIABLE = YES;
				MACOSX_DEPLOYMENT_TARGET = 10.14;
				MTL_ENABLE_DEBUG_INFO = INCLUDE_SOURCE;
				MTL_FAST_MATH = YES;
				ONLY_ACTIVE_ARCH = YES;
				SDKROOT = macosx;
			};
			name = Debug;
		};
		433B305521C382DE00721115 /* Release */ = {
			isa = XCBuildConfiguration;
			buildSettings = {
				ALWAYS_SEARCH_USER_PATHS = NO;
				CLANG_ANALYZER_NONNULL = YES;
				CLANG_ANALYZER_NUMBER_OBJECT_CONVERSION = YES_AGGRESSIVE;
				CLANG_CXX_LANGUAGE_STANDARD = "gnu++14";
				CLANG_CXX_LIBRARY = "libc++";
				CLANG_ENABLE_MODULES = YES;
				CLANG_ENABLE_OBJC_ARC = YES;
				CLANG_ENABLE_OBJC_WEAK = YES;
				CLANG_WARN_BLOCK_CAPTURE_AUTORELEASING = YES;
				CLANG_WARN_BOOL_CONVERSION = YES;
				CLANG_WARN_COMMA = YES;
				CLANG_WARN_CONSTANT_CONVERSION = YES;
				CLANG_WARN_DEPRECATED_OBJC_IMPLEMENTATIONS = YES;
				CLANG_WARN_DIRECT_OBJC_ISA_USAGE = YES_ERROR;
				CLANG_WARN_DOCUMENTATION_COMMENTS = YES;
				CLANG_WARN_EMPTY_BODY = YES;
				CLANG_WARN_ENUM_CONVERSION = YES;
				CLANG_WARN_INFINITE_RECURSION = YES;
				CLANG_WARN_INT_CONVERSION = YES;
				CLANG_WARN_NON_LITERAL_NULL_CONVERSION = YES;
				CLANG_WARN_OBJC_IMPLICIT_RETAIN_SELF = YES;
				CLANG_WARN_OBJC_LITERAL_CONVERSION = YES;
				CLANG_WARN_OBJC_ROOT_CLASS = YES_ERROR;
				CLANG_WARN_RANGE_LOOP_ANALYSIS = YES;
				CLANG_WARN_STRICT_PROTOTYPES = YES;
				CLANG_WARN_SUSPICIOUS_MOVE = YES;
				CLANG_WARN_UNGUARDED_AVAILABILITY = YES_AGGRESSIVE;
				CLANG_WARN_UNREACHABLE_CODE = YES;
				CLANG_WARN__DUPLICATE_METHOD_MATCH = YES;
				CODE_SIGN_IDENTITY = "-";
				COPY_PHASE_STRIP = NO;
				DEBUG_INFORMATION_FORMAT = "dwarf-with-dsym";
				ENABLE_NS_ASSERTIONS = NO;
				ENABLE_STRICT_OBJC_MSGSEND = YES;
				GCC_C_LANGUAGE_STANDARD = gnu11;
				GCC_NO_COMMON_BLOCKS = YES;
				GCC_WARN_64_TO_32_BIT_CONVERSION = YES;
				GCC_WARN_ABOUT_RETURN_TYPE = YES_ERROR;
				GCC_WARN_UNDECLARED_SELECTOR = YES;
				GCC_WARN_UNINITIALIZED_AUTOS = YES_AGGRESSIVE;
				GCC_WARN_UNUSED_FUNCTION = YES;
				GCC_WARN_UNUSED_VARIABLE = YES;
				MACOSX_DEPLOYMENT_TARGET = 10.14;
				MTL_ENABLE_DEBUG_INFO = NO;
				MTL_FAST_MATH = YES;
				SDKROOT = macosx;
			};
			name = Release;
		};
		433B305721C382DE00721115 /* Debug */ = {
			isa = XCBuildConfiguration;
			buildSettings = {
				CODE_SIGN_STYLE = Automatic;
				"HEADER_SEARCH_PATHS[arch=*]" = /usr/local/include;
				"LIBRARY_SEARCH_PATHS[arch=*]" = /usr/local/lib;
				PRODUCT_NAME = "$(TARGET_NAME)";
			};
			name = Debug;
		};
		433B305821C382DE00721115 /* Release */ = {
			isa = XCBuildConfiguration;
			buildSettings = {
				CODE_SIGN_STYLE = Automatic;
				PRODUCT_NAME = "$(TARGET_NAME)";
			};
			name = Release;
		};
/* End XCBuildConfiguration section */

/* Begin XCConfigurationList section */
		433B304A21C382DE00721115 /* Build configuration list for PBXProject "pp_BoostTest" */ = {
			isa = XCConfigurationList;
			buildConfigurations = (
				433B305421C382DE00721115 /* Debug */,
				433B305521C382DE00721115 /* Release */,
			);
			defaultConfigurationIsVisible = 0;
			defaultConfigurationName = Release;
		};
		433B305621C382DE00721115 /* Build configuration list for PBXNativeTarget "pp_BoostTest" */ = {
			isa = XCConfigurationList;
			buildConfigurations = (
				433B305721C382DE00721115 /* Debug */,
				433B305821C382DE00721115 /* Release */,
			);
			defaultConfigurationIsVisible = 0;
			defaultConfigurationName = Release;
		};
/* End XCConfigurationList section */
	};
	rootObject = 433B304721C382DE00721115 /* Project object */;
}
